// !$*UTF8*$!
{
	archiveVersion = 1;
	classes = {
	};
	objectVersion = 50;
	objects = {

/* Begin PBXBuildFile section */
		1A667FD72521771200614BAE /* CityListTableCell.m in Sources */ = {isa = PBXBuildFile; fileRef = 1A667FD62521771200614BAE /* CityListTableCell.m */; };
		1A667FDB25217F2A00614BAE /* CityListPickerView.m in Sources */ = {isa = PBXBuildFile; fileRef = 1A667FDA25217F2A00614BAE /* CityListPickerView.m */; };
		1A9DB19325207CB7003E8EA0 /* AppDelegate.m in Sources */ = {isa = PBXBuildFile; fileRef = 1A9DB19225207CB7003E8EA0 /* AppDelegate.m */; };
		1A9DB19E25207CB8003E8EA0 /* Assets.xcassets in Resources */ = {isa = PBXBuildFile; fileRef = 1A9DB19D25207CB8003E8EA0 /* Assets.xcassets */; };
		1A9DB1A125207CB8003E8EA0 /* LaunchScreen.storyboard in Resources */ = {isa = PBXBuildFile; fileRef = 1A9DB19F25207CB8003E8EA0 /* LaunchScreen.storyboard */; };
		1A9DB1A425207CB8003E8EA0 /* main.m in Sources */ = {isa = PBXBuildFile; fileRef = 1A9DB1A325207CB8003E8EA0 /* main.m */; };
		1A9DB1AF25207DE6003E8EA0 /* CityListModel.m in Sources */ = {isa = PBXBuildFile; fileRef = 1A9DB1AE25207DE6003E8EA0 /* CityListModel.m */; };
		1A9DB1B425207E18003E8EA0 /* CityModelList.json in Resources */ = {isa = PBXBuildFile; fileRef = 1A9DB1B325207E18003E8EA0 /* CityModelList.json */; };
		1A9DB1B825207E8D003E8EA0 /* CityListViewController.m in Sources */ = {isa = PBXBuildFile; fileRef = 1A9DB1B725207E8D003E8EA0 /* CityListViewController.m */; };
/* End PBXBuildFile section */

/* Begin PBXFileReference section */
		1A667FD52521771200614BAE /* CityListTableCell.h */ = {isa = PBXFileReference; lastKnownFileType = sourcecode.c.h; path = CityListTableCell.h; sourceTree = "<group>"; };
		1A667FD62521771200614BAE /* CityListTableCell.m */ = {isa = PBXFileReference; lastKnownFileType = sourcecode.c.objc; path = CityListTableCell.m; sourceTree = "<group>"; };
		1A667FD925217F2A00614BAE /* CityListPickerView.h */ = {isa = PBXFileReference; lastKnownFileType = sourcecode.c.h; path = CityListPickerView.h; sourceTree = "<group>"; };
		1A667FDA25217F2A00614BAE /* CityListPickerView.m */ = {isa = PBXFileReference; lastKnownFileType = sourcecode.c.objc; path = CityListPickerView.m; sourceTree = "<group>"; };
		1A9DB18E25207CB7003E8EA0 /* CityList.app */ = {isa = PBXFileReference; explicitFileType = wrapper.application; includeInIndex = 0; path = CityList.app; sourceTree = BUILT_PRODUCTS_DIR; };
		1A9DB19125207CB7003E8EA0 /* AppDelegate.h */ = {isa = PBXFileReference; lastKnownFileType = sourcecode.c.h; path = AppDelegate.h; sourceTree = "<group>"; };
		1A9DB19225207CB7003E8EA0 /* AppDelegate.m */ = {isa = PBXFileReference; lastKnownFileType = sourcecode.c.objc; path = AppDelegate.m; sourceTree = "<group>"; };
		1A9DB19D25207CB8003E8EA0 /* Assets.xcassets */ = {isa = PBXFileReference; lastKnownFileType = folder.assetcatalog; path = Assets.xcassets; sourceTree = "<group>"; };
		1A9DB1A025207CB8003E8EA0 /* Base */ = {isa = PBXFileReference; lastKnownFileType = file.storyboard; name = Base; path = Base.lproj/LaunchScreen.storyboard; sourceTree = "<group>"; };
		1A9DB1A225207CB8003E8EA0 /* Info.plist */ = {isa = PBXFileReference; lastKnownFileType = text.plist.xml; path = Info.plist; sourceTree = "<group>"; };
		1A9DB1A325207CB8003E8EA0 /* main.m */ = {isa = PBXFileReference; lastKnownFileType = sourcecode.c.objc; path = main.m; sourceTree = "<group>"; };
		1A9DB1AD25207DE6003E8EA0 /* CityListModel.h */ = {isa = PBXFileReference; fileEncoding = 4; lastKnownFileType = sourcecode.c.h; path = CityListModel.h; sourceTree = "<group>"; };
		1A9DB1AE25207DE6003E8EA0 /* CityListModel.m */ = {isa = PBXFileReference; fileEncoding = 4; lastKnownFileType = sourcecode.c.objc; path = CityListModel.m; sourceTree = "<group>"; };
		1A9DB1B325207E18003E8EA0 /* CityModelList.json */ = {isa = PBXFileReference; fileEncoding = 4; lastKnownFileType = text.json; path = CityModelList.json; sourceTree = "<group>"; };
		1A9DB1B625207E8D003E8EA0 /* CityListViewController.h */ = {isa = PBXFileReference; lastKnownFileType = sourcecode.c.h; path = CityListViewController.h; sourceTree = "<group>"; };
		1A9DB1B725207E8D003E8EA0 /* CityListViewController.m */ = {isa = PBXFileReference; lastKnownFileType = sourcecode.c.objc; path = CityListViewController.m; sourceTree = "<group>"; };
/* End PBXFileReference section */

/* Begin PBXFrameworksBuildPhase section */
		1A9DB18B25207CB7003E8EA0 /* Frameworks */ = {
			isa = PBXFrameworksBuildPhase;
			buildActionMask = 2147483647;
			files = (
			);
			runOnlyForDeploymentPostprocessing = 0;
		};
/* End PBXFrameworksBuildPhase section */

/* Begin PBXGroup section */
		1A9DB18525207CB7003E8EA0 = {
			isa = PBXGroup;
			children = (
				1A9DB19025207CB7003E8EA0 /* CityList */,
				1A9DB18F25207CB7003E8EA0 /* Products */,
			);
			sourceTree = "<group>";
		};
		1A9DB18F25207CB7003E8EA0 /* Products */ = {
			isa = PBXGroup;
			children = (
				1A9DB18E25207CB7003E8EA0 /* CityList.app */,
			);
			name = Products;
			sourceTree = "<group>";
		};
		1A9DB19025207CB7003E8EA0 /* CityList */ = {
			isa = PBXGroup;
			children = (
				1A9DB19125207CB7003E8EA0 /* AppDelegate.h */,
				1A9DB19225207CB7003E8EA0 /* AppDelegate.m */,
				1A667FD925217F2A00614BAE /* CityListPickerView.h */,
				1A667FDA25217F2A00614BAE /* CityListPickerView.m */,
				1A667FD52521771200614BAE /* CityListTableCell.h */,
				1A667FD62521771200614BAE /* CityListTableCell.m */,
				1A9DB1B625207E8D003E8EA0 /* CityListViewController.h */,
				1A9DB1B725207E8D003E8EA0 /* CityListViewController.m */,
				1A9DB1AD25207DE6003E8EA0 /* CityListModel.h */,
				1A9DB1AE25207DE6003E8EA0 /* CityListModel.m */,
				1A9DB1B325207E18003E8EA0 /* CityModelList.json */,
				1A9DB19D25207CB8003E8EA0 /* Assets.xcassets */,
				1A9DB19F25207CB8003E8EA0 /* LaunchScreen.storyboard */,
				1A9DB1A225207CB8003E8EA0 /* Info.plist */,
				1A9DB1A325207CB8003E8EA0 /* main.m */,
			);
			path = CityList;
			sourceTree = "<group>";
		};
/* End PBXGroup section */

/* Begin PBXNativeTarget section */
		1A9DB18D25207CB7003E8EA0 /* CityList */ = {
			isa = PBXNativeTarget;
			buildConfigurationList = 1A9DB1A725207CB8003E8EA0 /* Build configuration list for PBXNativeTarget "CityList" */;
			buildPhases = (
				1A9DB18A25207CB7003E8EA0 /* Sources */,
				1A9DB18B25207CB7003E8EA0 /* Frameworks */,
				1A9DB18C25207CB7003E8EA0 /* Resources */,
			);
			buildRules = (
			);
			dependencies = (
			);
			name = CityList;
			productName = CityList;
			productReference = 1A9DB18E25207CB7003E8EA0 /* CityList.app */;
			productType = "com.apple.product-type.application";
		};
/* End PBXNativeTarget section */

/* Begin PBXProject section */
		1A9DB18625207CB7003E8EA0 /* Project object */ = {
			isa = PBXProject;
			attributes = {
				LastUpgradeCheck = 1200;
				TargetAttributes = {
					1A9DB18D25207CB7003E8EA0 = {
						CreatedOnToolsVersion = 12.0.1;
					};
				};
			};
			buildConfigurationList = 1A9DB18925207CB7003E8EA0 /* Build configuration list for PBXProject "CityList" */;
			compatibilityVersion = "Xcode 9.3";
			developmentRegion = en;
			hasScannedForEncodings = 0;
			knownRegions = (
				en,
				Base,
			);
			mainGroup = 1A9DB18525207CB7003E8EA0;
			productRefGroup = 1A9DB18F25207CB7003E8EA0 /* Products */;
			projectDirPath = "";
			projectRoot = "";
			targets = (
				1A9DB18D25207CB7003E8EA0 /* CityList */,
			);
		};
/* End PBXProject section */

/* Begin PBXResourcesBuildPhase section */
		1A9DB18C25207CB7003E8EA0 /* Resources */ = {
			isa = PBXResourcesBuildPhase;
			buildActionMask = 2147483647;
			files = (
				1A9DB1B425207E18003E8EA0 /* CityModelList.json in Resources */,
				1A9DB1A125207CB8003E8EA0 /* LaunchScreen.storyboard in Resources */,
				1A9DB19E25207CB8003E8EA0 /* Assets.xcassets in Resources */,
			);
			runOnlyForDeploymentPostprocessing = 0;
		};
/* End PBXResourcesBuildPhase section */

/* Begin PBXSourcesBuildPhase section */
		1A9DB18A25207CB7003E8EA0 /* Sources */ = {
			isa = PBXSourcesBuildPhase;
			buildActionMask = 2147483647;
			files = (
				1A9DB1AF25207DE6003E8EA0 /* CityListModel.m in Sources */,
				1A9DB1B825207E8D003E8EA0 /* CityListViewController.m in Sources */,
				1A9DB19325207CB7003E8EA0 /* AppDelegate.m in Sources */,
				1A9DB1A425207CB8003E8EA0 /* main.m in Sources */,
				1A667FD72521771200614BAE /* CityListTableCell.m in Sources */,
				1A667FDB25217F2A00614BAE /* CityListPickerView.m in Sources */,
			);
			runOnlyForDeploymentPostprocessing = 0;
		};
/* End PBXSourcesBuildPhase section */

/* Begin PBXVariantGroup section */
		1A9DB19F25207CB8003E8EA0 /* LaunchScreen.storyboard */ = {
			isa = PBXVariantGroup;
			children = (
				1A9DB1A025207CB8003E8EA0 /* Base */,
			);
			name = LaunchScreen.storyboard;
			sourceTree = "<group>";
		};
/* End PBXVariantGroup section */

/* Begin XCBuildConfiguration section */
		1A9DB1A525207CB8003E8EA0 /* Debug */ = {
			isa = XCBuildConfiguration;
			buildSettings = {
				ALWAYS_SEARCH_USER_PATHS = NO;
				CLANG_ANALYZER_NONNULL = YES;
				CLANG_ANALYZER_NUMBER_OBJECT_CONVERSION = YES_AGGRESSIVE;
				CLANG_CXX_LANGUAGE_STANDARD = "gnu++14";
				CLANG_CXX_LIBRARY = "libc++";
				CLANG_ENABLE_MODULES = YES;
				CLANG_ENABLE_OBJC_ARC = YES;
				CLANG_ENABLE_OBJC_WEAK = YES;
				CLANG_WARN_BLOCK_CAPTURE_AUTORELEASING = YES;
				CLANG_WARN_BOOL_CONVERSION = YES;
				CLANG_WARN_COMMA = YES;
				CLANG_WARN_CONSTANT_CONVERSION = YES;
				CLANG_WARN_DEPRECATED_OBJC_IMPLEMENTATIONS = YES;
				CLANG_WARN_DIRECT_OBJC_ISA_USAGE = YES_ERROR;
				CLANG_WARN_DOCUMENTATION_COMMENTS = YES;
				CLANG_WARN_EMPTY_BODY = YES;
				CLANG_WARN_ENUM_CONVERSION = YES;
				CLANG_WARN_INFINITE_RECURSION = YES;
				CLANG_WARN_INT_CONVERSION = YES;
				CLANG_WARN_NON_LITERAL_NULL_CONVERSION = YES;
				CLANG_WARN_OBJC_IMPLICIT_RETAIN_SELF = YES;
				CLANG_WARN_OBJC_LITERAL_CONVERSION = YES;
				CLANG_WARN_OBJC_ROOT_CLASS = YES_ERROR;
				CLANG_WARN_QUOTED_INCLUDE_IN_FRAMEWORK_HEADER = YES;
				CLANG_WARN_RANGE_LOOP_ANALYSIS = YES;
				CLANG_WARN_STRICT_PROTOTYPES = YES;
				CLANG_WARN_SUSPICIOUS_MOVE = YES;
				CLANG_WARN_UNGUARDED_AVAILABILITY = YES_AGGRESSIVE;
				CLANG_WARN_UNREACHABLE_CODE = YES;
				CLANG_WARN__DUPLICATE_METHOD_MATCH = YES;
				COPY_PHASE_STRIP = NO;
				DEBUG_INFORMATION_FORMAT = dwarf;
				ENABLE_STRICT_OBJC_MSGSEND = YES;
				ENABLE_TESTABILITY = YES;
				GCC_C_LANGUAGE_STANDARD = gnu11;
				GCC_DYNAMIC_NO_PIC = NO;
				GCC_NO_COMMON_BLOCKS = YES;
				GCC_OPTIMIZATION_LEVEL = 0;
				GCC_PREPROCESSOR_DEFINITIONS = (
					"DEBUG=1",
					"$(inherited)",
				);
				GCC_WARN_64_TO_32_BIT_CONVERSION = YES;
				GCC_WARN_ABOUT_RETURN_TYPE = YES_ERROR;
				GCC_WARN_UNDECLARED_SELECTOR = YES;
				GCC_WARN_UNINITIALIZED_AUTOS = YES_AGGRESSIVE;
				GCC_WARN_UNUSED_FUNCTION = YES;
				GCC_WARN_UNUSED_VARIABLE = YES;
				IPHONEOS_DEPLOYMENT_TARGET = 14.0;
				MTL_ENABLE_DEBUG_INFO = INCLUDE_SOURCE;
				MTL_FAST_MATH = YES;
				ONLY_ACTIVE_ARCH = YES;
				SDKROOT = iphoneos;
			};
			name = Debug;
		};
		1A9DB1A625207CB8003E8EA0 /* Release */ = {
			isa = XCBuildConfiguration;
			buildSettings = {
				ALWAYS_SEARCH_USER_PATHS = NO;
				CLANG_ANALYZER_NONNULL = YES;
				CLANG_ANALYZER_NUMBER_OBJECT_CONVERSION = YES_AGGRESSIVE;
				CLANG_CXX_LANGUAGE_STANDARD = "gnu++14";
				CLANG_CXX_LIBRARY = "libc++";
				CLANG_ENABLE_MODULES = YES;
				CLANG_ENABLE_OBJC_ARC = YES;
				CLANG_ENABLE_OBJC_WEAK = YES;
				CLANG_WARN_BLOCK_CAPTURE_AUTORELEASING = YES;
				CLANG_WARN_BOOL_CONVERSION = YES;
				CLANG_WARN_COMMA = YES;
				CLANG_WARN_CONSTANT_CONVERSION = YES;
				CLANG_WARN_DEPRECATED_OBJC_IMPLEMENTATIONS = YES;
				CLANG_WARN_DIRECT_OBJC_ISA_USAGE = YES_ERROR;
				CLANG_WARN_DOCUMENTATION_COMMENTS = YES;
				CLANG_WARN_EMPTY_BODY = YES;
				CLANG_WARN_ENUM_CONVERSION = YES;
				CLANG_WARN_INFINITE_RECURSION = YES;
				CLANG_WARN_INT_CONVERSION = YES;
				CLANG_WARN_NON_LITERAL_NULL_CONVERSION = YES;
				CLANG_WARN_OBJC_IMPLICIT_RETAIN_SELF = YES;
				CLANG_WARN_OBJC_LITERAL_CONVERSION = YES;
				CLANG_WARN_OBJC_ROOT_CLASS = YES_ERROR;
				CLANG_WARN_QUOTED_INCLUDE_IN_FRAMEWORK_HEADER = YES;
				CLANG_WARN_RANGE_LOOP_ANALYSIS = YES;
				CLANG_WARN_STRICT_PROTOTYPES = YES;
				CLANG_WARN_SUSPICIOUS_MOVE = YES;
				CLANG_WARN_UNGUARDED_AVAILABILITY = YES_AGGRESSIVE;
				CLANG_WARN_UNREACHABLE_CODE = YES;
				CLANG_WARN__DUPLICATE_METHOD_MATCH = YES;
				COPY_PHASE_STRIP = NO;
				DEBUG_INFORMATION_FORMAT = "dwarf-with-dsym";
				ENABLE_NS_ASSERTIONS = NO;
				ENABLE_STRICT_OBJC_MSGSEND = YES;
				GCC_C_LANGUAGE_STANDARD = gnu11;
				GCC_NO_COMMON_BLOCKS = YES;
				GCC_WARN_64_TO_32_BIT_CONVERSION = YES;
				GCC_WARN_ABOUT_RETURN_TYPE = YES_ERROR;
				GCC_WARN_UNDECLARED_SELECTOR = YES;
				GCC_WARN_UNINITIALIZED_AUTOS = YES_AGGRESSIVE;
				GCC_WARN_UNUSED_FUNCTION = YES;
				GCC_WARN_UNUSED_VARIABLE = YES;
				IPHONEOS_DEPLOYMENT_TARGET = 14.0;
				MTL_ENABLE_DEBUG_INFO = NO;
				MTL_FAST_MATH = YES;
				SDKROOT = iphoneos;
				VALIDATE_PRODUCT = YES;
			};
			name = Release;
		};
		1A9DB1A825207CB8003E8EA0 /* Debug */ = {
			isa = XCBuildConfiguration;
			buildSettings = {
				ASSETCATALOG_COMPILER_APPICON_NAME = AppIcon;
				ASSETCATALOG_COMPILER_GLOBAL_ACCENT_COLOR_NAME = AccentColor;
				CODE_SIGN_STYLE = Automatic;
				INFOPLIST_FILE = CityList/Info.plist;
				IPHONEOS_DEPLOYMENT_TARGET = 10.0;
				LD_RUNPATH_SEARCH_PATHS = (
					"$(inherited)",
					"@executable_path/Frameworks",
				);
				PRODUCT_BUNDLE_IDENTIFIER = com.CityList;
				PRODUCT_NAME = "$(TARGET_NAME)";
				TARGETED_DEVICE_FAMILY = "1,2";
			};
			name = Debug;
		};
		1A9DB1A925207CB8003E8EA0 /* Release */ = {
			isa = XCBuildConfiguration;
			buildSettings = {
				ASSETCATALOG_COMPILER_APPICON_NAME = AppIcon;
				ASSETCATALOG_COMPILER_GLOBAL_ACCENT_COLOR_NAME = AccentColor;
				CODE_SIGN_STYLE = Automatic;
				INFOPLIST_FILE = CityList/Info.plist;
				IPHONEOS_DEPLOYMENT_TARGET = 10.0;
				LD_RUNPATH_SEARCH_PATHS = (
					"$(inherited)",
					"@executable_path/Frameworks",
				);
				PRODUCT_BUNDLE_IDENTIFIER = com.CityList;
				PRODUCT_NAME = "$(TARGET_NAME)";
				TARGETED_DEVICE_FAMILY = "1,2";
			};
			name = Release;
		};
/* End XCBuildConfiguration section */

/* Begin XCConfigurationList section */
		1A9DB18925207CB7003E8EA0 /* Build configuration list for PBXProject "CityList" */ = {
			isa = XCConfigurationList;
			buildConfigurations = (
				1A9DB1A525207CB8003E8EA0 /* Debug */,
				1A9DB1A625207CB8003E8EA0 /* Release */,
			);
			defaultConfigurationIsVisible = 0;
			defaultConfigurationName = Release;
		};
		1A9DB1A725207CB8003E8EA0 /* Build configuration list for PBXNativeTarget "CityList" */ = {
			isa = XCConfigurationList;
			buildConfigurations = (
				1A9DB1A825207CB8003E8EA0 /* Debug */,
				1A9DB1A925207CB8003E8EA0 /* Release */,
			);
			defaultConfigurationIsVisible = 0;
			defaultConfigurationName = Release;
		};
/* End XCConfigurationList section */
	};
	rootObject = 1A9DB18625207CB7003E8EA0 /* Project object */;
}
